
Microsoft Visual Studio Solution File, Format Version 12.00
# Visual Studio Version 16
VisualStudioVersion = 16.0.30309.148
MinimumVisualStudioVersion = 10.0.40219.1
Project("{FAE04EC0-301F-11D3-BF4B-00C04F79EFBC}") = "Planets and Spaceships", "Planets and Spaceships\Planets and Spaceships.csproj", "{B84FD7A5-0DC8-4A19-B9D8-788D1DD8863A}"
EndProject
Global
	GlobalSection(SolutionConfigurationPlatforms) = preSolution
		Debug|Any CPU = Debug|Any CPU
		Release|Any CPU = Release|Any CPU
	EndGlobalSection
	GlobalSection(ProjectConfigurationPlatforms) = postSolution
		{B84FD7A5-0DC8-4A19-B9D8-788D1DD8863A}.Debug|Any CPU.ActiveCfg = Debug|Any CPU
		{B84FD7A5-0DC8-4A19-B9D8-788D1DD8863A}.Debug|Any CPU.Build.0 = Debug|Any CPU
		{B84FD7A5-0DC8-4A19-B9D8-788D1DD8863A}.Release|Any CPU.ActiveCfg = Release|Any CPU
		{B84FD7A5-0DC8-4A19-B9D8-788D1DD8863A}.Release|Any CPU.Build.0 = Release|Any CPU
	EndGlobalSection
	GlobalSection(SolutionProperties) = preSolution
		HideSolutionNode = FALSE
	EndGlobalSection
	GlobalSection(ExtensibilityGlobals) = postSolution
		SolutionGuid = {FD0B445D-7C74-4025-BE7B-415B80EF9176}
	EndGlobalSection
EndGlobal
